
Microsoft Visual Studio Solution File, Format Version 12.00
# Visual Studio 15
VisualStudioVersion = 15.0.28307.329
MinimumVisualStudioVersion = 10.0.40219.1
Project("{FAE04EC0-301F-11D3-BF4B-00C04F79EFBC}") = "1", "labWPF\1.csproj", "{2BC0CEB6-A4B6-4D2D-9D54-0A30F4E35D7E}"
EndProject
Project("{FAE04EC0-301F-11D3-BF4B-00C04F79EFBC}") = "2", "WpfApp1\2.csproj", "{63D53558-D92C-4DF8-8A5F-257522569533}"
EndProject
Project("{FAE04EC0-301F-11D3-BF4B-00C04F79EFBC}") = "3", "3\3.csproj", "{54ACDD90-7470-4A0C-AD14-A468BCEBE633}"
EndProject
Global
	GlobalSection(SolutionConfigurationPlatforms) = preSolution
		Debug|Any CPU = Debug|Any CPU
		Release|Any CPU = Release|Any CPU
	EndGlobalSection
	GlobalSection(ProjectConfigurationPlatforms) = postSolution
		{2BC0CEB6-A4B6-4D2D-9D54-0A30F4E35D7E}.Debug|Any CPU.ActiveCfg = Debug|Any CPU
		{2BC0CEB6-A4B6-4D2D-9D54-0A30F4E35D7E}.Debug|Any CPU.Build.0 = Debug|Any CPU
		{2BC0CEB6-A4B6-4D2D-9D54-0A30F4E35D7E}.Release|Any CPU.ActiveCfg = Release|Any CPU
		{2BC0CEB6-A4B6-4D2D-9D54-0A30F4E35D7E}.Release|Any CPU.Build.0 = Release|Any CPU
		{63D53558-D92C-4DF8-8A5F-257522569533}.Debug|Any CPU.ActiveCfg = Debug|Any CPU
		{63D53558-D92C-4DF8-8A5F-257522569533}.Debug|Any CPU.Build.0 = Debug|Any CPU
		{63D53558-D92C-4DF8-8A5F-257522569533}.Release|Any CPU.ActiveCfg = Release|Any CPU
		{63D53558-D92C-4DF8-8A5F-257522569533}.Release|Any CPU.Build.0 = Release|Any CPU
		{54ACDD90-7470-4A0C-AD14-A468BCEBE633}.Debug|Any CPU.ActiveCfg = Debug|Any CPU
		{54ACDD90-7470-4A0C-AD14-A468BCEBE633}.Debug|Any CPU.Build.0 = Debug|Any CPU
		{54ACDD90-7470-4A0C-AD14-A468BCEBE633}.Release|Any CPU.ActiveCfg = Release|Any CPU
		{54ACDD90-7470-4A0C-AD14-A468BCEBE633}.Release|Any CPU.Build.0 = Release|Any CPU
	EndGlobalSection
	GlobalSection(SolutionProperties) = preSolution
		HideSolutionNode = FALSE
	EndGlobalSection
	GlobalSection(ExtensibilityGlobals) = postSolution
		SolutionGuid = {2B418D20-18B7-42AC-9CD2-E6B97E52CB53}
	EndGlobalSection
EndGlobal
